// !$*UTF8*$!
{
	archiveVersion = 1;
	classes = {
	};
	objectVersion = 56;
	objects = {

/* Begin PBXBuildFile section */
		2EF9AFD22B78E31F00DFA805 /* AppDelegate.swift in Sources */ = {isa = PBXBuildFile; fileRef = 2EF9AFD12B78E31F00DFA805 /* AppDelegate.swift */; };
		2EF9AFD42B78E31F00DFA805 /* SceneDelegate.swift in Sources */ = {isa = PBXBuildFile; fileRef = 2EF9AFD32B78E31F00DFA805 /* SceneDelegate.swift */; };
		2EF9AFD62B78E31F00DFA805 /* ViewController.swift in Sources */ = {isa = PBXBuildFile; fileRef = 2EF9AFD52B78E31F00DFA805 /* ViewController.swift */; };
		2EF9AFD92B78E31F00DFA805 /* Main.storyboard in Resources */ = {isa = PBXBuildFile; fileRef = 2EF9AFD72B78E31F00DFA805 /* Main.storyboard */; };
		2EF9AFDB2B78E32100DFA805 /* Assets.xcassets in Resources */ = {isa = PBXBuildFile; fileRef = 2EF9AFDA2B78E32100DFA805 /* Assets.xcassets */; };
		2EF9AFDE2B78E32100DFA805 /* LaunchScreen.storyboard in Resources */ = {isa = PBXBuildFile; fileRef = 2EF9AFDC2B78E32100DFA805 /* LaunchScreen.storyboard */; };
		2EF9AFE62B78E4D600DFA805 /* QiitaTableViewCell.swift in Sources */ = {isa = PBXBuildFile; fileRef = 2EF9AFE52B78E4D600DFA805 /* QiitaTableViewCell.swift */; };
		2EF9AFE82B78FCBF00DFA805 /* WebViewController.swift in Sources */ = {isa = PBXBuildFile; fileRef = 2EF9AFE72B78FCBF00DFA805 /* WebViewController.swift */; };
		2EF9AFEA2B78FCE800DFA805 /* WebViewController.storyboard in Resources */ = {isa = PBXBuildFile; fileRef = 2EF9AFE92B78FCE800DFA805 /* WebViewController.storyboard */; };
		2EF9AFED2B78FDA800DFA805 /* WebKit.framework in Frameworks */ = {isa = PBXBuildFile; fileRef = 2EF9AFEC2B78FDA800DFA805 /* WebKit.framework */; };
		2EF9AFF02B78FF9E00DFA805 /* Nuke in Frameworks */ = {isa = PBXBuildFile; productRef = 2EF9AFEF2B78FF9E00DFA805 /* Nuke */; };
		2EF9AFF22B78FF9E00DFA805 /* NukeExtensions in Frameworks */ = {isa = PBXBuildFile; productRef = 2EF9AFF12B78FF9E00DFA805 /* NukeExtensions */; };
		2EF9AFF52B78FFB700DFA805 /* Alamofire in Frameworks */ = {isa = PBXBuildFile; productRef = 2EF9AFF42B78FFB700DFA805 /* Alamofire */; };
		2EF9AFF72B78FFC500DFA805 /* QiitaUser.swift in Sources */ = {isa = PBXBuildFile; fileRef = 2EF9AFF62B78FFC500DFA805 /* QiitaUser.swift */; };
		2EF9AFF92B79000F00DFA805 /* QiitaArticle.swift in Sources */ = {isa = PBXBuildFile; fileRef = 2EF9AFF82B79000F00DFA805 /* QiitaArticle.swift */; };
/* End PBXBuildFile section */

/* Begin PBXFileReference section */
		2EF9AFCE2B78E31F00DFA805 /* Qiita_Practice.app */ = {isa = PBXFileReference; explicitFileType = wrapper.application; includeInIndex = 0; path = Qiita_Practice.app; sourceTree = BUILT_PRODUCTS_DIR; };
		2EF9AFD12B78E31F00DFA805 /* AppDelegate.swift */ = {isa = PBXFileReference; lastKnownFileType = sourcecode.swift; path = AppDelegate.swift; sourceTree = "<group>"; };
		2EF9AFD32B78E31F00DFA805 /* SceneDelegate.swift */ = {isa = PBXFileReference; lastKnownFileType = sourcecode.swift; path = SceneDelegate.swift; sourceTree = "<group>"; };
		2EF9AFD52B78E31F00DFA805 /* ViewController.swift */ = {isa = PBXFileReference; lastKnownFileType = sourcecode.swift; path = ViewController.swift; sourceTree = "<group>"; };
		2EF9AFD82B78E31F00DFA805 /* Base */ = {isa = PBXFileReference; lastKnownFileType = file.storyboard; name = Base; path = Base.lproj/Main.storyboard; sourceTree = "<group>"; };
		2EF9AFDA2B78E32100DFA805 /* Assets.xcassets */ = {isa = PBXFileReference; lastKnownFileType = folder.assetcatalog; path = Assets.xcassets; sourceTree = "<group>"; };
		2EF9AFDD2B78E32100DFA805 /* Base */ = {isa = PBXFileReference; lastKnownFileType = file.storyboard; name = Base; path = Base.lproj/LaunchScreen.storyboard; sourceTree = "<group>"; };
		2EF9AFDF2B78E32100DFA805 /* Info.plist */ = {isa = PBXFileReference; lastKnownFileType = text.plist.xml; path = Info.plist; sourceTree = "<group>"; };
		2EF9AFE52B78E4D600DFA805 /* QiitaTableViewCell.swift */ = {isa = PBXFileReference; lastKnownFileType = sourcecode.swift; path = QiitaTableViewCell.swift; sourceTree = "<group>"; };
		2EF9AFE72B78FCBF00DFA805 /* WebViewController.swift */ = {isa = PBXFileReference; lastKnownFileType = sourcecode.swift; path = WebViewController.swift; sourceTree = "<group>"; };
		2EF9AFE92B78FCE800DFA805 /* WebViewController.storyboard */ = {isa = PBXFileReference; lastKnownFileType = file.storyboard; path = WebViewController.storyboard; sourceTree = "<group>"; };
		2EF9AFEC2B78FDA800DFA805 /* WebKit.framework */ = {isa = PBXFileReference; lastKnownFileType = wrapper.framework; name = WebKit.framework; path = System/Library/Frameworks/WebKit.framework; sourceTree = SDKROOT; };
		2EF9AFF62B78FFC500DFA805 /* QiitaUser.swift */ = {isa = PBXFileReference; lastKnownFileType = sourcecode.swift; path = QiitaUser.swift; sourceTree = "<group>"; };
		2EF9AFF82B79000F00DFA805 /* QiitaArticle.swift */ = {isa = PBXFileReference; lastKnownFileType = sourcecode.swift; path = QiitaArticle.swift; sourceTree = "<group>"; };
/* End PBXFileReference section */

/* Begin PBXFrameworksBuildPhase section */
		2EF9AFCB2B78E31F00DFA805 /* Frameworks */ = {
			isa = PBXFrameworksBuildPhase;
			buildActionMask = 2147483647;
			files = (
				2EF9AFED2B78FDA800DFA805 /* WebKit.framework in Frameworks */,
				2EF9AFF52B78FFB700DFA805 /* Alamofire in Frameworks */,
				2EF9AFF02B78FF9E00DFA805 /* Nuke in Frameworks */,
				2EF9AFF22B78FF9E00DFA805 /* NukeExtensions in Frameworks */,
			);
			runOnlyForDeploymentPostprocessing = 0;
		};
/* End PBXFrameworksBuildPhase section */

/* Begin PBXGroup section */
		2EF9AFC52B78E31F00DFA805 = {
			isa = PBXGroup;
			children = (
				2EF9AFD02B78E31F00DFA805 /* Qiita_Practice */,
				2EF9AFCF2B78E31F00DFA805 /* Products */,
				2EF9AFEB2B78FDA800DFA805 /* Frameworks */,
			);
			sourceTree = "<group>";
		};
		2EF9AFCF2B78E31F00DFA805 /* Products */ = {
			isa = PBXGroup;
			children = (
				2EF9AFCE2B78E31F00DFA805 /* Qiita_Practice.app */,
			);
			name = Products;
			sourceTree = "<group>";
		};
		2EF9AFD02B78E31F00DFA805 /* Qiita_Practice */ = {
			isa = PBXGroup;
			children = (
				2EF9AFD12B78E31F00DFA805 /* AppDelegate.swift */,
				2EF9AFD32B78E31F00DFA805 /* SceneDelegate.swift */,
				2EF9AFD52B78E31F00DFA805 /* ViewController.swift */,
				2EF9AFE72B78FCBF00DFA805 /* WebViewController.swift */,
				2EF9AFE52B78E4D600DFA805 /* QiitaTableViewCell.swift */,
				2EF9AFD72B78E31F00DFA805 /* Main.storyboard */,
				2EF9AFE92B78FCE800DFA805 /* WebViewController.storyboard */,
				2EF9AFDA2B78E32100DFA805 /* Assets.xcassets */,
				2EF9AFDC2B78E32100DFA805 /* LaunchScreen.storyboard */,
				2EF9AFDF2B78E32100DFA805 /* Info.plist */,
				2EF9AFF62B78FFC500DFA805 /* QiitaUser.swift */,
				2EF9AFF82B79000F00DFA805 /* QiitaArticle.swift */,
			);
			path = Qiita_Practice;
			sourceTree = "<group>";
		};
		2EF9AFEB2B78FDA800DFA805 /* Frameworks */ = {
			isa = PBXGroup;
			children = (
				2EF9AFEC2B78FDA800DFA805 /* WebKit.framework */,
			);
			name = Frameworks;
			sourceTree = "<group>";
		};
/* End PBXGroup section */

/* Begin PBXNativeTarget section */
		2EF9AFCD2B78E31F00DFA805 /* Qiita_Practice */ = {
			isa = PBXNativeTarget;
			buildConfigurationList = 2EF9AFE22B78E32100DFA805 /* Build configuration list for PBXNativeTarget "Qiita_Practice" */;
			buildPhases = (
				2EF9AFCA2B78E31F00DFA805 /* Sources */,
				2EF9AFCB2B78E31F00DFA805 /* Frameworks */,
				2EF9AFCC2B78E31F00DFA805 /* Resources */,
			);
			buildRules = (
			);
			dependencies = (
			);
			name = Qiita_Practice;
			packageProductDependencies = (
				2EF9AFEF2B78FF9E00DFA805 /* Nuke */,
				2EF9AFF12B78FF9E00DFA805 /* NukeExtensions */,
				2EF9AFF42B78FFB700DFA805 /* Alamofire */,
			);
			productName = Qiita_Practice;
			productReference = 2EF9AFCE2B78E31F00DFA805 /* Qiita_Practice.app */;
			productType = "com.apple.product-type.application";
		};
/* End PBXNativeTarget section */

/* Begin PBXProject section */
		2EF9AFC62B78E31F00DFA805 /* Project object */ = {
			isa = PBXProject;
			attributes = {
				BuildIndependentTargetsInParallel = 1;
				LastSwiftUpdateCheck = 1520;
				LastUpgradeCheck = 1520;
				TargetAttributes = {
					2EF9AFCD2B78E31F00DFA805 = {
						CreatedOnToolsVersion = 15.2;
					};
				};
			};
			buildConfigurationList = 2EF9AFC92B78E31F00DFA805 /* Build configuration list for PBXProject "Qiita_Practice" */;
			compatibilityVersion = "Xcode 14.0";
			developmentRegion = en;
			hasScannedForEncodings = 0;
			knownRegions = (
				en,
				Base,
			);
			mainGroup = 2EF9AFC52B78E31F00DFA805;
			packageReferences = (
				2EF9AFEE2B78FF9E00DFA805 /* XCRemoteSwiftPackageReference "Nuke" */,
				2EF9AFF32B78FFB700DFA805 /* XCRemoteSwiftPackageReference "Alamofire" */,
			);
			productRefGroup = 2EF9AFCF2B78E31F00DFA805 /* Products */;
			projectDirPath = "";
			projectRoot = "";
			targets = (
				2EF9AFCD2B78E31F00DFA805 /* Qiita_Practice */,
			);
		};
/* End PBXProject section */

/* Begin PBXResourcesBuildPhase section */
		2EF9AFCC2B78E31F00DFA805 /* Resources */ = {
			isa = PBXResourcesBuildPhase;
			buildActionMask = 2147483647;
			files = (
				2EF9AFEA2B78FCE800DFA805 /* WebViewController.storyboard in Resources */,
				2EF9AFDE2B78E32100DFA805 /* LaunchScreen.storyboard in Resources */,
				2EF9AFDB2B78E32100DFA805 /* Assets.xcassets in Resources */,
				2EF9AFD92B78E31F00DFA805 /* Main.storyboard in Resources */,
			);
			runOnlyForDeploymentPostprocessing = 0;
		};
/* End PBXResourcesBuildPhase section */

/* Begin PBXSourcesBuildPhase section */
		2EF9AFCA2B78E31F00DFA805 /* Sources */ = {
			isa = PBXSourcesBuildPhase;
			buildActionMask = 2147483647;
			files = (
				2EF9AFD62B78E31F00DFA805 /* ViewController.swift in Sources */,
				2EF9AFF92B79000F00DFA805 /* QiitaArticle.swift in Sources */,
				2EF9AFD22B78E31F00DFA805 /* AppDelegate.swift in Sources */,
				2EF9AFE62B78E4D600DFA805 /* QiitaTableViewCell.swift in Sources */,
				2EF9AFE82B78FCBF00DFA805 /* WebViewController.swift in Sources */,
				2EF9AFD42B78E31F00DFA805 /* SceneDelegate.swift in Sources */,
				2EF9AFF72B78FFC500DFA805 /* QiitaUser.swift in Sources */,
			);
			runOnlyForDeploymentPostprocessing = 0;
		};
/* End PBXSourcesBuildPhase section */

/* Begin PBXVariantGroup section */
		2EF9AFD72B78E31F00DFA805 /* Main.storyboard */ = {
			isa = PBXVariantGroup;
			children = (
				2EF9AFD82B78E31F00DFA805 /* Base */,
			);
			name = Main.storyboard;
			sourceTree = "<group>";
		};
		2EF9AFDC2B78E32100DFA805 /* LaunchScreen.storyboard */ = {
			isa = PBXVariantGroup;
			children = (
				2EF9AFDD2B78E32100DFA805 /* Base */,
			);
			name = LaunchScreen.storyboard;
			sourceTree = "<group>";
		};
/* End PBXVariantGroup section */

/* Begin XCBuildConfiguration section */
		2EF9AFE02B78E32100DFA805 /* Debug */ = {
			isa = XCBuildConfiguration;
			buildSettings = {
				ALWAYS_SEARCH_USER_PATHS = NO;
				ASSETCATALOG_COMPILER_GENERATE_SWIFT_ASSET_SYMBOL_EXTENSIONS = YES;
				CLANG_ANALYZER_NONNULL = YES;
				CLANG_ANALYZER_NUMBER_OBJECT_CONVERSION = YES_AGGRESSIVE;
				CLANG_CXX_LANGUAGE_STANDARD = "gnu++20";
				CLANG_ENABLE_MODULES = YES;
				CLANG_ENABLE_OBJC_ARC = YES;
				CLANG_ENABLE_OBJC_WEAK = YES;
				CLANG_WARN_BLOCK_CAPTURE_AUTORELEASING = YES;
				CLANG_WARN_BOOL_CONVERSION = YES;
				CLANG_WARN_COMMA = YES;
				CLANG_WARN_CONSTANT_CONVERSION = YES;
				CLANG_WARN_DEPRECATED_OBJC_IMPLEMENTATIONS = YES;
				CLANG_WARN_DIRECT_OBJC_ISA_USAGE = YES_ERROR;
				CLANG_WARN_DOCUMENTATION_COMMENTS = YES;
				CLANG_WARN_EMPTY_BODY = YES;
				CLANG_WARN_ENUM_CONVERSION = YES;
				CLANG_WARN_INFINITE_RECURSION = YES;
				CLANG_WARN_INT_CONVERSION = YES;
				CLANG_WARN_NON_LITERAL_NULL_CONVERSION = YES;
				CLANG_WARN_OBJC_IMPLICIT_RETAIN_SELF = YES;
				CLANG_WARN_OBJC_LITERAL_CONVERSION = YES;
				CLANG_WARN_OBJC_ROOT_CLASS = YES_ERROR;
				CLANG_WARN_QUOTED_INCLUDE_IN_FRAMEWORK_HEADER = YES;
				CLANG_WARN_RANGE_LOOP_ANALYSIS = YES;
				CLANG_WARN_STRICT_PROTOTYPES = YES;
				CLANG_WARN_SUSPICIOUS_MOVE = YES;
				CLANG_WARN_UNGUARDED_AVAILABILITY = YES_AGGRESSIVE;
				CLANG_WARN_UNREACHABLE_CODE = YES;
				CLANG_WARN__DUPLICATE_METHOD_MATCH = YES;
				COPY_PHASE_STRIP = NO;
				DEBUG_INFORMATION_FORMAT = dwarf;
				ENABLE_STRICT_OBJC_MSGSEND = YES;
				ENABLE_TESTABILITY = YES;
				ENABLE_USER_SCRIPT_SANDBOXING = YES;
				GCC_C_LANGUAGE_STANDARD = gnu17;
				GCC_DYNAMIC_NO_PIC = NO;
				GCC_NO_COMMON_BLOCKS = YES;
				GCC_OPTIMIZATION_LEVEL = 0;
				GCC_PREPROCESSOR_DEFINITIONS = (
					"DEBUG=1",
					"$(inherited)",
				);
				GCC_WARN_64_TO_32_BIT_CONVERSION = YES;
				GCC_WARN_ABOUT_RETURN_TYPE = YES_ERROR;
				GCC_WARN_UNDECLARED_SELECTOR = YES;
				GCC_WARN_UNINITIALIZED_AUTOS = YES_AGGRESSIVE;
				GCC_WARN_UNUSED_FUNCTION = YES;
				GCC_WARN_UNUSED_VARIABLE = YES;
				IPHONEOS_DEPLOYMENT_TARGET = 17.2;
				LOCALIZATION_PREFERS_STRING_CATALOGS = YES;
				MTL_ENABLE_DEBUG_INFO = INCLUDE_SOURCE;
				MTL_FAST_MATH = YES;
				ONLY_ACTIVE_ARCH = YES;
				SDKROOT = iphoneos;
				SWIFT_ACTIVE_COMPILATION_CONDITIONS = "DEBUG $(inherited)";
				SWIFT_OPTIMIZATION_LEVEL = "-Onone";
			};
			name = Debug;
		};
		2EF9AFE12B78E32100DFA805 /* Release */ = {
			isa = XCBuildConfiguration;
			buildSettings = {
				ALWAYS_SEARCH_USER_PATHS = NO;
				ASSETCATALOG_COMPILER_GENERATE_SWIFT_ASSET_SYMBOL_EXTENSIONS = YES;
				CLANG_ANALYZER_NONNULL = YES;
				CLANG_ANALYZER_NUMBER_OBJECT_CONVERSION = YES_AGGRESSIVE;
				CLANG_CXX_LANGUAGE_STANDARD = "gnu++20";
				CLANG_ENABLE_MODULES = YES;
				CLANG_ENABLE_OBJC_ARC = YES;
				CLANG_ENABLE_OBJC_WEAK = YES;
				CLANG_WARN_BLOCK_CAPTURE_AUTORELEASING = YES;
				CLANG_WARN_BOOL_CONVERSION = YES;
				CLANG_WARN_COMMA = YES;
				CLANG_WARN_CONSTANT_CONVERSION = YES;
				CLANG_WARN_DEPRECATED_OBJC_IMPLEMENTATIONS = YES;
				CLANG_WARN_DIRECT_OBJC_ISA_USAGE = YES_ERROR;
				CLANG_WARN_DOCUMENTATION_COMMENTS = YES;
				CLANG_WARN_EMPTY_BODY = YES;
				CLANG_WARN_ENUM_CONVERSION = YES;
				CLANG_WARN_INFINITE_RECURSION = YES;
				CLANG_WARN_INT_CONVERSION = YES;
				CLANG_WARN_NON_LITERAL_NULL_CONVERSION = YES;
				CLANG_WARN_OBJC_IMPLICIT_RETAIN_SELF = YES;
				CLANG_WARN_OBJC_LITERAL_CONVERSION = YES;
				CLANG_WARN_OBJC_ROOT_CLASS = YES_ERROR;
				CLANG_WARN_QUOTED_INCLUDE_IN_FRAMEWORK_HEADER = YES;
				CLANG_WARN_RANGE_LOOP_ANALYSIS = YES;
				CLANG_WARN_STRICT_PROTOTYPES = YES;
				CLANG_WARN_SUSPICIOUS_MOVE = YES;
				CLANG_WARN_UNGUARDED_AVAILABILITY = YES_AGGRESSIVE;
				CLANG_WARN_UNREACHABLE_CODE = YES;
				CLANG_WARN__DUPLICATE_METHOD_MATCH = YES;
				COPY_PHASE_STRIP = NO;
				DEBUG_INFORMATION_FORMAT = "dwarf-with-dsym";
				ENABLE_NS_ASSERTIONS = NO;
				ENABLE_STRICT_OBJC_MSGSEND = YES;
				ENABLE_USER_SCRIPT_SANDBOXING = YES;
				GCC_C_LANGUAGE_STANDARD = gnu17;
				GCC_NO_COMMON_BLOCKS = YES;
				GCC_WARN_64_TO_32_BIT_CONVERSION = YES;
				GCC_WARN_ABOUT_RETURN_TYPE = YES_ERROR;
				GCC_WARN_UNDECLARED_SELECTOR = YES;
				GCC_WARN_UNINITIALIZED_AUTOS = YES_AGGRESSIVE;
				GCC_WARN_UNUSED_FUNCTION = YES;
				GCC_WARN_UNUSED_VARIABLE = YES;
				IPHONEOS_DEPLOYMENT_TARGET = 17.2;
				LOCALIZATION_PREFERS_STRING_CATALOGS = YES;
				MTL_ENABLE_DEBUG_INFO = NO;
				MTL_FAST_MATH = YES;
				SDKROOT = iphoneos;
				SWIFT_COMPILATION_MODE = wholemodule;
				VALIDATE_PRODUCT = YES;
			};
			name = Release;
		};
		2EF9AFE32B78E32100DFA805 /* Debug */ = {
			isa = XCBuildConfiguration;
			buildSettings = {
				ASSETCATALOG_COMPILER_APPICON_NAME = AppIcon;
				ASSETCATALOG_COMPILER_GLOBAL_ACCENT_COLOR_NAME = AccentColor;
				CODE_SIGN_STYLE = Automatic;
				CURRENT_PROJECT_VERSION = 1;
				DEVELOPMENT_TEAM = DC796ZJULC;
				GENERATE_INFOPLIST_FILE = YES;
				INFOPLIST_FILE = Qiita_Practice/Info.plist;
				INFOPLIST_KEY_UIApplicationSupportsIndirectInputEvents = YES;
				INFOPLIST_KEY_UILaunchStoryboardName = LaunchScreen;
				INFOPLIST_KEY_UIMainStoryboardFile = Main;
				INFOPLIST_KEY_UISupportedInterfaceOrientations_iPad = "UIInterfaceOrientationPortrait UIInterfaceOrientationPortraitUpsideDown UIInterfaceOrientationLandscapeLeft UIInterfaceOrientationLandscapeRight";
				INFOPLIST_KEY_UISupportedInterfaceOrientations_iPhone = "UIInterfaceOrientationPortrait UIInterfaceOrientationLandscapeLeft UIInterfaceOrientationLandscapeRight";
				LD_RUNPATH_SEARCH_PATHS = (
					"$(inherited)",
					"@executable_path/Frameworks",
				);
				MARKETING_VERSION = 1.0;
				PRODUCT_BUNDLE_IDENTIFIER = "com.gmail.sarayou27314.Qiita-Practice";
				PRODUCT_NAME = "$(TARGET_NAME)";
				SWIFT_EMIT_LOC_STRINGS = YES;
				SWIFT_VERSION = 5.0;
				TARGETED_DEVICE_FAMILY = "1,2";
			};
			name = Debug;
		};
		2EF9AFE42B78E32100DFA805 /* Release */ = {
			isa = XCBuildConfiguration;
			buildSettings = {
				ASSETCATALOG_COMPILER_APPICON_NAME = AppIcon;
				ASSETCATALOG_COMPILER_GLOBAL_ACCENT_COLOR_NAME = AccentColor;
				CODE_SIGN_STYLE = Automatic;
				CURRENT_PROJECT_VERSION = 1;
				DEVELOPMENT_TEAM = DC796ZJULC;
				GENERATE_INFOPLIST_FILE = YES;
				INFOPLIST_FILE = Qiita_Practice/Info.plist;
				INFOPLIST_KEY_UIApplicationSupportsIndirectInputEvents = YES;
				INFOPLIST_KEY_UILaunchStoryboardName = LaunchScreen;
				INFOPLIST_KEY_UIMainStoryboardFile = Main;
				INFOPLIST_KEY_UISupportedInterfaceOrientations_iPad = "UIInterfaceOrientationPortrait UIInterfaceOrientationPortraitUpsideDown UIInterfaceOrientationLandscapeLeft UIInterfaceOrientationLandscapeRight";
				INFOPLIST_KEY_UISupportedInterfaceOrientations_iPhone = "UIInterfaceOrientationPortrait UIInterfaceOrientationLandscapeLeft UIInterfaceOrientationLandscapeRight";
				LD_RUNPATH_SEARCH_PATHS = (
					"$(inherited)",
					"@executable_path/Frameworks",
				);
				MARKETING_VERSION = 1.0;
				PRODUCT_BUNDLE_IDENTIFIER = "com.gmail.sarayou27314.Qiita-Practice";
				PRODUCT_NAME = "$(TARGET_NAME)";
				SWIFT_EMIT_LOC_STRINGS = YES;
				SWIFT_VERSION = 5.0;
				TARGETED_DEVICE_FAMILY = "1,2";
			};
			name = Release;
		};
/* End XCBuildConfiguration section */

/* Begin XCConfigurationList section */
		2EF9AFC92B78E31F00DFA805 /* Build configuration list for PBXProject "Qiita_Practice" */ = {
			isa = XCConfigurationList;
			buildConfigurations = (
				2EF9AFE02B78E32100DFA805 /* Debug */,
				2EF9AFE12B78E32100DFA805 /* Release */,
			);
			defaultConfigurationIsVisible = 0;
			defaultConfigurationName = Release;
		};
		2EF9AFE22B78E32100DFA805 /* Build configuration list for PBXNativeTarget "Qiita_Practice" */ = {
			isa = XCConfigurationList;
			buildConfigurations = (
				2EF9AFE32B78E32100DFA805 /* Debug */,
				2EF9AFE42B78E32100DFA805 /* Release */,
			);
			defaultConfigurationIsVisible = 0;
			defaultConfigurationName = Release;
		};
/* End XCConfigurationList section */

/* Begin XCRemoteSwiftPackageReference section */
		2EF9AFEE2B78FF9E00DFA805 /* XCRemoteSwiftPackageReference "Nuke" */ = {
			isa = XCRemoteSwiftPackageReference;
			repositoryURL = "https://github.com/kean/Nuke.git";
			requirement = {
				kind = upToNextMajorVersion;
				minimumVersion = 12.4.0;
			};
		};
		2EF9AFF32B78FFB700DFA805 /* XCRemoteSwiftPackageReference "Alamofire" */ = {
			isa = XCRemoteSwiftPackageReference;
			repositoryURL = "https://github.com/Alamofire/Alamofire.git";
			requirement = {
				kind = upToNextMajorVersion;
				minimumVersion = 5.8.1;
			};
		};
/* End XCRemoteSwiftPackageReference section */

/* Begin XCSwiftPackageProductDependency section */
		2EF9AFEF2B78FF9E00DFA805 /* Nuke */ = {
			isa = XCSwiftPackageProductDependency;
			package = 2EF9AFEE2B78FF9E00DFA805 /* XCRemoteSwiftPackageReference "Nuke" */;
			productName = Nuke;
		};
		2EF9AFF12B78FF9E00DFA805 /* NukeExtensions */ = {
			isa = XCSwiftPackageProductDependency;
			package = 2EF9AFEE2B78FF9E00DFA805 /* XCRemoteSwiftPackageReference "Nuke" */;
			productName = NukeExtensions;
		};
		2EF9AFF42B78FFB700DFA805 /* Alamofire */ = {
			isa = XCSwiftPackageProductDependency;
			package = 2EF9AFF32B78FFB700DFA805 /* XCRemoteSwiftPackageReference "Alamofire" */;
			productName = Alamofire;
		};
/* End XCSwiftPackageProductDependency section */
	};
	rootObject = 2EF9AFC62B78E31F00DFA805 /* Project object */;
}
